
Microsoft Visual Studio Solution File, Format Version 12.00
# Visual Studio Version 16
VisualStudioVersion = 16.0.31205.134
MinimumVisualStudioVersion = 10.0.40219.1
Project("{FAE04EC0-301F-11D3-BF4B-00C04F79EFBC}") = "PayUp", "PayUp.csproj", "{87698443-9988-4871-AEC2-DB9B62EFB2E4}"
EndProject
Global
	GlobalSection(SolutionConfigurationPlatforms) = preSolution
		Debug|Any CPU = Debug|Any CPU
		Release|Any CPU = Release|Any CPU
	EndGlobalSection
	GlobalSection(ProjectConfigurationPlatforms) = postSolution
		{87698443-9988-4871-AEC2-DB9B62EFB2E4}.Debug|Any CPU.ActiveCfg = Debug|Any CPU
		{87698443-9988-4871-AEC2-DB9B62EFB2E4}.Debug|Any CPU.Build.0 = Debug|Any CPU
		{87698443-9988-4871-AEC2-DB9B62EFB2E4}.Release|Any CPU.ActiveCfg = Release|Any CPU
		{87698443-9988-4871-AEC2-DB9B62EFB2E4}.Release|Any CPU.Build.0 = Release|Any CPU
	EndGlobalSection
	GlobalSection(SolutionProperties) = preSolution
		HideSolutionNode = FALSE
	EndGlobalSection
	GlobalSection(ExtensibilityGlobals) = postSolution
		SolutionGuid = {794A3BFB-A9B3-4894-85B6-9B4BA8E0183E}
	EndGlobalSection
EndGlobal
